// !$*UTF8*$!
{
	archiveVersion = 1;
	classes = {
	};
	objectVersion = 56;
	objects = {

/* Begin PBXBuildFile section */
		90BCBFF82AA02E160067A284 /* ONUI_iOSApp.swift in Sources */ = {isa = PBXBuildFile; fileRef = 90BCBFF72AA02E160067A284 /* ONUI_iOSApp.swift */; };
		90BCC0152AA03E660067A284 /* OnuiAPI.swift in Sources */ = {isa = PBXBuildFile; fileRef = 90BCC0142AA03E660067A284 /* OnuiAPI.swift */; };
		90BCC0172AA03E6D0067A284 /* domainFile.swift in Sources */ = {isa = PBXBuildFile; fileRef = 90BCC0162AA03E6D0067A284 /* domainFile.swift */; };
		90F367112AC3C56200BE5A5F /* SigninView.swift in Sources */ = {isa = PBXBuildFile; fileRef = 90F3670E2AC3C56200BE5A5F /* SigninView.swift */; };
		90F367122AC3C56200BE5A5F /* SigninViewModel.swift in Sources */ = {isa = PBXBuildFile; fileRef = 90F3670F2AC3C56200BE5A5F /* SigninViewModel.swift */; };
		90F367152AC3C57F00BE5A5F /* BaseViewModel.swift in Sources */ = {isa = PBXBuildFile; fileRef = 90F367142AC3C57F00BE5A5F /* BaseViewModel.swift */; };
		90F3671F2AC3C6E800BE5A5F /* Assets.xcassets in Resources */ = {isa = PBXBuildFile; fileRef = 90BCBFFB2AA02E170067A284 /* Assets.xcassets */; };
/* End PBXBuildFile section */

/* Begin PBXFileReference section */
		90BCBFF42AA02E160067A284 /* ONUI-iOS.app */ = {isa = PBXFileReference; explicitFileType = wrapper.application; includeInIndex = 0; path = "ONUI-iOS.app"; sourceTree = BUILT_PRODUCTS_DIR; };
		90BCBFF72AA02E160067A284 /* ONUI_iOSApp.swift */ = {isa = PBXFileReference; lastKnownFileType = sourcecode.swift; path = ONUI_iOSApp.swift; sourceTree = "<group>"; };
		90BCBFFB2AA02E170067A284 /* Assets.xcassets */ = {isa = PBXFileReference; lastKnownFileType = folder.assetcatalog; path = Assets.xcassets; sourceTree = "<group>"; };
		90BCC0142AA03E660067A284 /* OnuiAPI.swift */ = {isa = PBXFileReference; lastKnownFileType = sourcecode.swift; path = OnuiAPI.swift; sourceTree = "<group>"; };
		90BCC0162AA03E6D0067A284 /* domainFile.swift */ = {isa = PBXFileReference; lastKnownFileType = sourcecode.swift; path = domainFile.swift; sourceTree = "<group>"; };
		90F3670E2AC3C56200BE5A5F /* SigninView.swift */ = {isa = PBXFileReference; lastKnownFileType = sourcecode.swift; path = SigninView.swift; sourceTree = "<group>"; };
		90F3670F2AC3C56200BE5A5F /* SigninViewModel.swift */ = {isa = PBXFileReference; lastKnownFileType = sourcecode.swift; path = SigninViewModel.swift; sourceTree = "<group>"; };
		90F367142AC3C57F00BE5A5F /* BaseViewModel.swift */ = {isa = PBXFileReference; lastKnownFileType = sourcecode.swift; path = BaseViewModel.swift; sourceTree = "<group>"; };
/* End PBXFileReference section */

/* Begin PBXFrameworksBuildPhase section */
		90BCBFF12AA02E160067A284 /* Frameworks */ = {
			isa = PBXFrameworksBuildPhase;
			buildActionMask = 2147483647;
			files = (
			);
			runOnlyForDeploymentPostprocessing = 0;
		};
/* End PBXFrameworksBuildPhase section */

/* Begin PBXGroup section */
		90BCBFEB2AA02E160067A284 = {
			isa = PBXGroup;
			children = (
				90BCBFF62AA02E160067A284 /* ONUI-iOS */,
				90BCBFF52AA02E160067A284 /* Products */,
			);
			sourceTree = "<group>";
		};
		90BCBFF52AA02E160067A284 /* Products */ = {
			isa = PBXGroup;
			children = (
				90BCBFF42AA02E160067A284 /* ONUI-iOS.app */,
			);
			name = Products;
			sourceTree = "<group>";
		};
		90BCBFF62AA02E160067A284 /* ONUI-iOS */ = {
			isa = PBXGroup;
			children = (
				90BCC00E2AA038BF0067A284 /* Presentation */,
				90BCC00D2AA038B80067A284 /* Data */,
				90BCC0082AA0302E0067A284 /* Domain */,
			);
			path = "ONUI-iOS";
			sourceTree = "<group>";
		};
		90BCC0052AA0301E0067A284 /* Application */ = {
			isa = PBXGroup;
			children = (
				90BCBFF72AA02E160067A284 /* ONUI_iOSApp.swift */,
			);
			path = Application;
			sourceTree = "<group>";
		};
		90BCC0062AA030240067A284 /* Resources */ = {
			isa = PBXGroup;
			children = (
				90BCBFFB2AA02E170067A284 /* Assets.xcassets */,
			);
			path = Resources;
			sourceTree = "<group>";
		};
		90BCC0072AA030270067A284 /* Sources */ = {
			isa = PBXGroup;
			children = (
				90F367132AC3C57300BE5A5F /* Base */,
				90BCC0112AA039EE0067A284 /* Signin */,
			);
			path = Sources;
			sourceTree = "<group>";
		};
		90BCC0082AA0302E0067A284 /* Domain */ = {
			isa = PBXGroup;
			children = (
				90BCC0162AA03E6D0067A284 /* domainFile.swift */,
			);
			path = Domain;
			sourceTree = "<group>";
		};
		90BCC00D2AA038B80067A284 /* Data */ = {
			isa = PBXGroup;
			children = (
				90BCC0142AA03E660067A284 /* OnuiAPI.swift */,
			);
			path = Data;
			sourceTree = "<group>";
		};
		90BCC00E2AA038BF0067A284 /* Presentation */ = {
			isa = PBXGroup;
			children = (
				90BCC0072AA030270067A284 /* Sources */,
				90BCC0062AA030240067A284 /* Resources */,
				90BCC0052AA0301E0067A284 /* Application */,
			);
			path = Presentation;
			sourceTree = "<group>";
		};
		90BCC0112AA039EE0067A284 /* Signin */ = {
			isa = PBXGroup;
			children = (
				90F3670E2AC3C56200BE5A5F /* SigninView.swift */,
				90F3670F2AC3C56200BE5A5F /* SigninViewModel.swift */,
			);
			path = Signin;
			sourceTree = "<group>";
		};
		90F367132AC3C57300BE5A5F /* Base */ = {
			isa = PBXGroup;
			children = (
				90F367142AC3C57F00BE5A5F /* BaseViewModel.swift */,
			);
			path = Base;
			sourceTree = "<group>";
		};
/* End PBXGroup section */

/* Begin PBXNativeTarget section */
		90BCBFF32AA02E160067A284 /* ONUI-iOS */ = {
			isa = PBXNativeTarget;
			buildConfigurationList = 90BCC0022AA02E170067A284 /* Build configuration list for PBXNativeTarget "ONUI-iOS" */;
			buildPhases = (
				90BCBFF02AA02E160067A284 /* Sources */,
				90BCBFF12AA02E160067A284 /* Frameworks */,
				90BCBFF22AA02E160067A284 /* Resources */,
			);
			buildRules = (
			);
			dependencies = (
			);
			name = "ONUI-iOS";
			packageProductDependencies = (
			);
			productName = "ONUI-iOS";
			productReference = 90BCBFF42AA02E160067A284 /* ONUI-iOS.app */;
			productType = "com.apple.product-type.application";
		};
/* End PBXNativeTarget section */

/* Begin PBXProject section */
		90BCBFEC2AA02E160067A284 /* Project object */ = {
			isa = PBXProject;
			attributes = {
				BuildIndependentTargetsInParallel = 1;
				LastSwiftUpdateCheck = 1430;
				LastUpgradeCheck = 1500;
				TargetAttributes = {
					90BCBFF32AA02E160067A284 = {
						CreatedOnToolsVersion = 14.3.1;
					};
				};
			};
			buildConfigurationList = 90BCBFEF2AA02E160067A284 /* Build configuration list for PBXProject "ONUI-iOS" */;
			compatibilityVersion = "Xcode 14.0";
			developmentRegion = en;
			hasScannedForEncodings = 0;
			knownRegions = (
				en,
				Base,
			);
			mainGroup = 90BCBFEB2AA02E160067A284;
			packageReferences = (
			);
			productRefGroup = 90BCBFF52AA02E160067A284 /* Products */;
			projectDirPath = "";
			projectRoot = "";
			targets = (
				90BCBFF32AA02E160067A284 /* ONUI-iOS */,
			);
		};
/* End PBXProject section */

/* Begin PBXResourcesBuildPhase section */
		90BCBFF22AA02E160067A284 /* Resources */ = {
			isa = PBXResourcesBuildPhase;
			buildActionMask = 2147483647;
			files = (
				90F3671F2AC3C6E800BE5A5F /* Assets.xcassets in Resources */,
			);
			runOnlyForDeploymentPostprocessing = 0;
		};
/* End PBXResourcesBuildPhase section */

/* Begin PBXSourcesBuildPhase section */
		90BCBFF02AA02E160067A284 /* Sources */ = {
			isa = PBXSourcesBuildPhase;
			buildActionMask = 2147483647;
			files = (
				90F367122AC3C56200BE5A5F /* SigninViewModel.swift in Sources */,
				90BCC0172AA03E6D0067A284 /* domainFile.swift in Sources */,
				90BCC0152AA03E660067A284 /* OnuiAPI.swift in Sources */,
				90F367152AC3C57F00BE5A5F /* BaseViewModel.swift in Sources */,
				90F367112AC3C56200BE5A5F /* SigninView.swift in Sources */,
				90BCBFF82AA02E160067A284 /* ONUI_iOSApp.swift in Sources */,
			);
			runOnlyForDeploymentPostprocessing = 0;
		};
/* End PBXSourcesBuildPhase section */

/* Begin XCBuildConfiguration section */
		90BCC0002AA02E170067A284 /* Debug */ = {
			isa = XCBuildConfiguration;
			buildSettings = {
				ALWAYS_SEARCH_USER_PATHS = NO;
				CLANG_ANALYZER_NONNULL = YES;
				CLANG_ANALYZER_NUMBER_OBJECT_CONVERSION = YES_AGGRESSIVE;
				CLANG_CXX_LANGUAGE_STANDARD = "gnu++20";
				CLANG_ENABLE_MODULES = YES;
				CLANG_ENABLE_OBJC_ARC = YES;
				CLANG_ENABLE_OBJC_WEAK = YES;
				CLANG_WARN_BLOCK_CAPTURE_AUTORELEASING = YES;
				CLANG_WARN_BOOL_CONVERSION = YES;
				CLANG_WARN_COMMA = YES;
				CLANG_WARN_CONSTANT_CONVERSION = YES;
				CLANG_WARN_DEPRECATED_OBJC_IMPLEMENTATIONS = YES;
				CLANG_WARN_DIRECT_OBJC_ISA_USAGE = YES_ERROR;
				CLANG_WARN_DOCUMENTATION_COMMENTS = YES;
				CLANG_WARN_EMPTY_BODY = YES;
				CLANG_WARN_ENUM_CONVERSION = YES;
				CLANG_WARN_INFINITE_RECURSION = YES;
				CLANG_WARN_INT_CONVERSION = YES;
				CLANG_WARN_NON_LITERAL_NULL_CONVERSION = YES;
				CLANG_WARN_OBJC_IMPLICIT_RETAIN_SELF = YES;
				CLANG_WARN_OBJC_LITERAL_CONVERSION = YES;
				CLANG_WARN_OBJC_ROOT_CLASS = YES_ERROR;
				CLANG_WARN_QUOTED_INCLUDE_IN_FRAMEWORK_HEADER = YES;
				CLANG_WARN_RANGE_LOOP_ANALYSIS = YES;
				CLANG_WARN_STRICT_PROTOTYPES = YES;
				CLANG_WARN_SUSPICIOUS_MOVE = YES;
				CLANG_WARN_UNGUARDED_AVAILABILITY = YES_AGGRESSIVE;
				CLANG_WARN_UNREACHABLE_CODE = YES;
				CLANG_WARN__DUPLICATE_METHOD_MATCH = YES;
				COPY_PHASE_STRIP = NO;
				DEBUG_INFORMATION_FORMAT = dwarf;
				ENABLE_STRICT_OBJC_MSGSEND = YES;
				ENABLE_TESTABILITY = YES;
				ENABLE_USER_SCRIPT_SANDBOXING = YES;
				GCC_C_LANGUAGE_STANDARD = gnu11;
				GCC_DYNAMIC_NO_PIC = NO;
				GCC_NO_COMMON_BLOCKS = YES;
				GCC_OPTIMIZATION_LEVEL = 0;
				GCC_PREPROCESSOR_DEFINITIONS = (
					"DEBUG=1",
					"$(inherited)",
				);
				GCC_WARN_64_TO_32_BIT_CONVERSION = YES;
				GCC_WARN_ABOUT_RETURN_TYPE = YES_ERROR;
				GCC_WARN_UNDECLARED_SELECTOR = YES;
				GCC_WARN_UNINITIALIZED_AUTOS = YES_AGGRESSIVE;
				GCC_WARN_UNUSED_FUNCTION = YES;
				GCC_WARN_UNUSED_VARIABLE = YES;
				IPHONEOS_DEPLOYMENT_TARGET = 16.4;
				MTL_ENABLE_DEBUG_INFO = INCLUDE_SOURCE;
				MTL_FAST_MATH = YES;
				ONLY_ACTIVE_ARCH = YES;
				SDKROOT = iphoneos;
				SWIFT_ACTIVE_COMPILATION_CONDITIONS = DEBUG;
				SWIFT_OPTIMIZATION_LEVEL = "-Onone";
			};
			name = Debug;
		};
		90BCC0012AA02E170067A284 /* Release */ = {
			isa = XCBuildConfiguration;
			buildSettings = {
				ALWAYS_SEARCH_USER_PATHS = NO;
				CLANG_ANALYZER_NONNULL = YES;
				CLANG_ANALYZER_NUMBER_OBJECT_CONVERSION = YES_AGGRESSIVE;
				CLANG_CXX_LANGUAGE_STANDARD = "gnu++20";
				CLANG_ENABLE_MODULES = YES;
				CLANG_ENABLE_OBJC_ARC = YES;
				CLANG_ENABLE_OBJC_WEAK = YES;
				CLANG_WARN_BLOCK_CAPTURE_AUTORELEASING = YES;
				CLANG_WARN_BOOL_CONVERSION = YES;
				CLANG_WARN_COMMA = YES;
				CLANG_WARN_CONSTANT_CONVERSION = YES;
				CLANG_WARN_DEPRECATED_OBJC_IMPLEMENTATIONS = YES;
				CLANG_WARN_DIRECT_OBJC_ISA_USAGE = YES_ERROR;
				CLANG_WARN_DOCUMENTATION_COMMENTS = YES;
				CLANG_WARN_EMPTY_BODY = YES;
				CLANG_WARN_ENUM_CONVERSION = YES;
				CLANG_WARN_INFINITE_RECURSION = YES;
				CLANG_WARN_INT_CONVERSION = YES;
				CLANG_WARN_NON_LITERAL_NULL_CONVERSION = YES;
				CLANG_WARN_OBJC_IMPLICIT_RETAIN_SELF = YES;
				CLANG_WARN_OBJC_LITERAL_CONVERSION = YES;
				CLANG_WARN_OBJC_ROOT_CLASS = YES_ERROR;
				CLANG_WARN_QUOTED_INCLUDE_IN_FRAMEWORK_HEADER = YES;
				CLANG_WARN_RANGE_LOOP_ANALYSIS = YES;
				CLANG_WARN_STRICT_PROTOTYPES = YES;
				CLANG_WARN_SUSPICIOUS_MOVE = YES;
				CLANG_WARN_UNGUARDED_AVAILABILITY = YES_AGGRESSIVE;
				CLANG_WARN_UNREACHABLE_CODE = YES;
				CLANG_WARN__DUPLICATE_METHOD_MATCH = YES;
				COPY_PHASE_STRIP = NO;
				DEBUG_INFORMATION_FORMAT = "dwarf-with-dsym";
				ENABLE_NS_ASSERTIONS = NO;
				ENABLE_STRICT_OBJC_MSGSEND = YES;
				ENABLE_USER_SCRIPT_SANDBOXING = YES;
				GCC_C_LANGUAGE_STANDARD = gnu11;
				GCC_NO_COMMON_BLOCKS = YES;
				GCC_WARN_64_TO_32_BIT_CONVERSION = YES;
				GCC_WARN_ABOUT_RETURN_TYPE = YES_ERROR;
				GCC_WARN_UNDECLARED_SELECTOR = YES;
				GCC_WARN_UNINITIALIZED_AUTOS = YES_AGGRESSIVE;
				GCC_WARN_UNUSED_FUNCTION = YES;
				GCC_WARN_UNUSED_VARIABLE = YES;
				IPHONEOS_DEPLOYMENT_TARGET = 16.4;
				MTL_ENABLE_DEBUG_INFO = NO;
				MTL_FAST_MATH = YES;
				SDKROOT = iphoneos;
				SWIFT_COMPILATION_MODE = wholemodule;
				SWIFT_OPTIMIZATION_LEVEL = "-O";
				VALIDATE_PRODUCT = YES;
			};
			name = Release;
		};
		90BCC0032AA02E170067A284 /* Debug */ = {
			isa = XCBuildConfiguration;
			buildSettings = {
				ASSETCATALOG_COMPILER_APPICON_NAME = AppIcon;
				ASSETCATALOG_COMPILER_GLOBAL_ACCENT_COLOR_NAME = AccentColor;
				CODE_SIGN_STYLE = Automatic;
				CURRENT_PROJECT_VERSION = 1;
				ENABLE_PREVIEWS = YES;
				GENERATE_INFOPLIST_FILE = YES;
				INFOPLIST_KEY_UIApplicationSceneManifest_Generation = YES;
				INFOPLIST_KEY_UIApplicationSupportsIndirectInputEvents = YES;
				INFOPLIST_KEY_UILaunchScreen_Generation = YES;
				INFOPLIST_KEY_UISupportedInterfaceOrientations_iPad = "UIInterfaceOrientationPortrait UIInterfaceOrientationPortraitUpsideDown UIInterfaceOrientationLandscapeLeft UIInterfaceOrientationLandscapeRight";
				INFOPLIST_KEY_UISupportedInterfaceOrientations_iPhone = "UIInterfaceOrientationPortrait UIInterfaceOrientationLandscapeLeft UIInterfaceOrientationLandscapeRight";
				LD_RUNPATH_SEARCH_PATHS = (
					"$(inherited)",
					"@executable_path/Frameworks",
				);
				MARKETING_VERSION = 1.0;
				PRODUCT_BUNDLE_IDENTIFIER = "com.ONUI-iOS";
				PRODUCT_NAME = "$(TARGET_NAME)";
				SWIFT_EMIT_LOC_STRINGS = YES;
				SWIFT_VERSION = 5.0;
				TARGETED_DEVICE_FAMILY = "1,2";
			};
			name = Debug;
		};
		90BCC0042AA02E170067A284 /* Release */ = {
			isa = XCBuildConfiguration;
			buildSettings = {
				ASSETCATALOG_COMPILER_APPICON_NAME = AppIcon;
				ASSETCATALOG_COMPILER_GLOBAL_ACCENT_COLOR_NAME = AccentColor;
				CODE_SIGN_STYLE = Automatic;
				CURRENT_PROJECT_VERSION = 1;
				ENABLE_PREVIEWS = YES;
				GENERATE_INFOPLIST_FILE = YES;
				INFOPLIST_KEY_UIApplicationSceneManifest_Generation = YES;
				INFOPLIST_KEY_UIApplicationSupportsIndirectInputEvents = YES;
				INFOPLIST_KEY_UILaunchScreen_Generation = YES;
				INFOPLIST_KEY_UISupportedInterfaceOrientations_iPad = "UIInterfaceOrientationPortrait UIInterfaceOrientationPortraitUpsideDown UIInterfaceOrientationLandscapeLeft UIInterfaceOrientationLandscapeRight";
				INFOPLIST_KEY_UISupportedInterfaceOrientations_iPhone = "UIInterfaceOrientationPortrait UIInterfaceOrientationLandscapeLeft UIInterfaceOrientationLandscapeRight";
				LD_RUNPATH_SEARCH_PATHS = (
					"$(inherited)",
					"@executable_path/Frameworks",
				);
				MARKETING_VERSION = 1.0;
				PRODUCT_BUNDLE_IDENTIFIER = "com.ONUI-iOS";
				PRODUCT_NAME = "$(TARGET_NAME)";
				SWIFT_EMIT_LOC_STRINGS = YES;
				SWIFT_VERSION = 5.0;
				TARGETED_DEVICE_FAMILY = "1,2";
			};
			name = Release;
		};
/* End XCBuildConfiguration section */

/* Begin XCConfigurationList section */
		90BCBFEF2AA02E160067A284 /* Build configuration list for PBXProject "ONUI-iOS" */ = {
			isa = XCConfigurationList;
			buildConfigurations = (
				90BCC0002AA02E170067A284 /* Debug */,
				90BCC0012AA02E170067A284 /* Release */,
			);
			defaultConfigurationIsVisible = 0;
			defaultConfigurationName = Release;
		};
		90BCC0022AA02E170067A284 /* Build configuration list for PBXNativeTarget "ONUI-iOS" */ = {
			isa = XCConfigurationList;
			buildConfigurations = (
				90BCC0032AA02E170067A284 /* Debug */,
				90BCC0042AA02E170067A284 /* Release */,
			);
			defaultConfigurationIsVisible = 0;
			defaultConfigurationName = Release;
		};
/* End XCConfigurationList section */
	};
	rootObject = 90BCBFEC2AA02E160067A284 /* Project object */;
}
