// !$*UTF8*$!
{
	archiveVersion = 1;
	classes = {
	};
	objectVersion = 56;
	objects = {

/* Begin PBXBuildFile section */
		906361242AD7AC8C0046D2B7 /* BottomSheetView.swift in Sources */ = {isa = PBXBuildFile; fileRef = 906361232AD7AC8C0046D2B7 /* BottomSheetView.swift */; };
		906361282AD7AD880046D2B7 /* View+cornerRadius.swift in Sources */ = {isa = PBXBuildFile; fileRef = 906361272AD7AD880046D2B7 /* View+cornerRadius.swift */; };
		907549942AE8B6AC009F5BBF /* MoodImage.swift in Sources */ = {isa = PBXBuildFile; fileRef = 907549932AE8B6AC009F5BBF /* MoodImage.swift */; };
		907549972AE8B932009F5BBF /* CarouselCanvas.swift in Sources */ = {isa = PBXBuildFile; fileRef = 907549962AE8B932009F5BBF /* CarouselCanvas.swift */; };
		907549992AE8B941009F5BBF /* UIStateModel.swift in Sources */ = {isa = PBXBuildFile; fileRef = 907549982AE8B941009F5BBF /* UIStateModel.swift */; };
		9075499B2AE8B957009F5BBF /* CarouselView.swift in Sources */ = {isa = PBXBuildFile; fileRef = 9075499A2AE8B957009F5BBF /* CarouselView.swift */; };
		9075499D2AE8B989009F5BBF /* Carousel.swift in Sources */ = {isa = PBXBuildFile; fileRef = 9075499C2AE8B989009F5BBF /* Carousel.swift */; };
		907549A02AE8B9A8009F5BBF /* View+navigate.swift in Sources */ = {isa = PBXBuildFile; fileRef = 9075499F2AE8B9A8009F5BBF /* View+navigate.swift */; };
		907549A62AED06DA009F5BBF /* RecordView.swift in Sources */ = {isa = PBXBuildFile; fileRef = 907549A52AED06DA009F5BBF /* RecordView.swift */; };
		907549A82AED0787009F5BBF /* View+frame.swift in Sources */ = {isa = PBXBuildFile; fileRef = 907549A72AED0787009F5BBF /* View+frame.swift */; };
		907549AB2AED21FB009F5BBF /* SwiftUIFlowLayout in Frameworks */ = {isa = PBXBuildFile; productRef = 907549AA2AED21FB009F5BBF /* SwiftUIFlowLayout */; };
		907549B02AED3AF9009F5BBF /* ImagePicker.swift in Sources */ = {isa = PBXBuildFile; fileRef = 907549AF2AED3AF9009F5BBF /* ImagePicker.swift */; };
		907549B22AED4046009F5BBF /* View+hideKeyboard.swift in Sources */ = {isa = PBXBuildFile; fileRef = 907549B12AED4046009F5BBF /* View+hideKeyboard.swift */; };
		907549B52AEF2F05009F5BBF /* AsyncUtil.swift in Sources */ = {isa = PBXBuildFile; fileRef = 907549B42AEF2F05009F5BBF /* AsyncUtil.swift */; };
		907549B72AEF3569009F5BBF /* RecordViewModel.swift in Sources */ = {isa = PBXBuildFile; fileRef = 907549B62AEF3569009F5BBF /* RecordViewModel.swift */; };
		907803662ADEA0BA00B4A95D /* Image.xcassets in Resources */ = {isa = PBXBuildFile; fileRef = 907803652ADEA0BA00B4A95D /* Image.xcassets */; };
		907803692ADEA0DC00B4A95D /* OnuiImage.swift in Sources */ = {isa = PBXBuildFile; fileRef = 907803682ADEA0DC00B4A95D /* OnuiImage.swift */; };
		90BCB9A22AD791EE0076459C /* RootView.swift in Sources */ = {isa = PBXBuildFile; fileRef = 90BCB9A12AD791EE0076459C /* RootView.swift */; };
		90BCB9AC2AD79D800076459C /* MainView.swift in Sources */ = {isa = PBXBuildFile; fileRef = 90BCB9AB2AD79D800076459C /* MainView.swift */; };
		90BCB9AE2AD79D840076459C /* MainViewModel.swift in Sources */ = {isa = PBXBuildFile; fileRef = 90BCB9AD2AD79D840076459C /* MainViewModel.swift */; };
		90BCBFF82AA02E160067A284 /* ONUI_iOSApp.swift in Sources */ = {isa = PBXBuildFile; fileRef = 90BCBFF72AA02E160067A284 /* ONUI_iOSApp.swift */; };
		90BCC0152AA03E660067A284 /* OnuiAPI.swift in Sources */ = {isa = PBXBuildFile; fileRef = 90BCC0142AA03E660067A284 /* OnuiAPI.swift */; };
		90BCC0172AA03E6D0067A284 /* domainFile.swift in Sources */ = {isa = PBXBuildFile; fileRef = 90BCC0162AA03E6D0067A284 /* domainFile.swift */; };
		90E975DB2AD3D3F2008F8448 /* CombineMoya in Frameworks */ = {isa = PBXBuildFile; productRef = 90E975DA2AD3D3F2008F8448 /* CombineMoya */; };
		90E975DD2AD3D3F2008F8448 /* Moya in Frameworks */ = {isa = PBXBuildFile; productRef = 90E975DC2AD3D3F2008F8448 /* Moya */; };
		90E975E22AD3D4AF008F8448 /* Primary.xcassets in Resources */ = {isa = PBXBuildFile; fileRef = 90E975E12AD3D4AF008F8448 /* Primary.xcassets */; };
		90E975E72AD3D95C008F8448 /* GrayScale.xcassets in Resources */ = {isa = PBXBuildFile; fileRef = 90E975E62AD3D95C008F8448 /* GrayScale.xcassets */; };
		90E975EB2AD3D9E9008F8448 /* ErrorVariant.xcassets in Resources */ = {isa = PBXBuildFile; fileRef = 90E975EA2AD3D9E9008F8448 /* ErrorVariant.xcassets */; };
		90E975EE2AD3DB99008F8448 /* Color+init.swift in Sources */ = {isa = PBXBuildFile; fileRef = 90E975ED2AD3DB99008F8448 /* Color+init.swift */; };
		90E975F02AD3DD51008F8448 /* PrimaryColor.swift in Sources */ = {isa = PBXBuildFile; fileRef = 90E975EF2AD3DD51008F8448 /* PrimaryColor.swift */; };
		90E975F22AD3E157008F8448 /* GrayColor.swift in Sources */ = {isa = PBXBuildFile; fileRef = 90E975F12AD3E157008F8448 /* GrayColor.swift */; };
		90E975F42AD3E1B9008F8448 /* ErrorVariantColor.swift in Sources */ = {isa = PBXBuildFile; fileRef = 90E975F32AD3E1B9008F8448 /* ErrorVariantColor.swift */; };
		90E975FC2AD40CE8008F8448 /* Roboto-Bold.ttf in Resources */ = {isa = PBXBuildFile; fileRef = 90E975F92AD40CE8008F8448 /* Roboto-Bold.ttf */; };
		90E975FD2AD40CE8008F8448 /* Roboto-Medium.ttf in Resources */ = {isa = PBXBuildFile; fileRef = 90E975FA2AD40CE8008F8448 /* Roboto-Medium.ttf */; };
		90E975FE2AD40CE8008F8448 /* Roboto-Regular.ttf in Resources */ = {isa = PBXBuildFile; fileRef = 90E975FB2AD40CE8008F8448 /* Roboto-Regular.ttf */; };
		90E976012AD40D25008F8448 /* Roboto.swift in Sources */ = {isa = PBXBuildFile; fileRef = 90E976002AD40D25008F8448 /* Roboto.swift */; };
		90E976042AD40EA7008F8448 /* OnuiFont.swift in Sources */ = {isa = PBXBuildFile; fileRef = 90E976032AD40EA7008F8448 /* OnuiFont.swift */; };
		90E976062AD40EAE008F8448 /* OnuiFontStyle.swift in Sources */ = {isa = PBXBuildFile; fileRef = 90E976052AD40EAE008F8448 /* OnuiFontStyle.swift */; };
		90ECEFE72AF0D07B00FD0147 /* CalendarView.swift in Sources */ = {isa = PBXBuildFile; fileRef = 90ECEFE62AF0D07B00FD0147 /* CalendarView.swift */; };
		90ECEFE92AF0D08400FD0147 /* CalendarViewModel.swift in Sources */ = {isa = PBXBuildFile; fileRef = 90ECEFE82AF0D08400FD0147 /* CalendarViewModel.swift */; };
		90ECEFEC2AF0D47000FD0147 /* CalendarSheetModel.swift in Sources */ = {isa = PBXBuildFile; fileRef = 90ECEFEB2AF0D47000FD0147 /* CalendarSheetModel.swift */; };
		90ECEFEF2AF0D4D800FD0147 /* DateUtil.swift in Sources */ = {isa = PBXBuildFile; fileRef = 90ECEFEE2AF0D4D800FD0147 /* DateUtil.swift */; };
		90ECEFF32AF0E66E00FD0147 /* JwtImpl.swift in Sources */ = {isa = PBXBuildFile; fileRef = 90ECEFF22AF0E66E00FD0147 /* JwtImpl.swift */; };
		90ECEFF52AF0E67E00FD0147 /* JwtStore.swift in Sources */ = {isa = PBXBuildFile; fileRef = 90ECEFF42AF0E67D00FD0147 /* JwtStore.swift */; };
		90ECEFF72AF0E6C200FD0147 /* MoyaLoggingPlugin.swift in Sources */ = {isa = PBXBuildFile; fileRef = 90ECEFF62AF0E6C200FD0147 /* MoyaLoggingPlugin.swift */; };
		90ECEFF92AF0E6D900FD0147 /* JwtAuthorizable.swift in Sources */ = {isa = PBXBuildFile; fileRef = 90ECEFF82AF0E6D900FD0147 /* JwtAuthorizable.swift */; };
		90ECEFFB2AF0E6E700FD0147 /* JwtPlugin.swift in Sources */ = {isa = PBXBuildFile; fileRef = 90ECEFFA2AF0E6E700FD0147 /* JwtPlugin.swift */; };
		90ECEFFD2AF0E6F200FD0147 /* TokenDTO.swift in Sources */ = {isa = PBXBuildFile; fileRef = 90ECEFFC2AF0E6F200FD0147 /* TokenDTO.swift */; };
		90ECF00A2AF1107C00FD0147 /* AuthAPI.swift in Sources */ = {isa = PBXBuildFile; fileRef = 90ECF0092AF1107C00FD0147 /* AuthAPI.swift */; };
		90ECF00D2AF1112500FD0147 /* AuthError.swift in Sources */ = {isa = PBXBuildFile; fileRef = 90ECF00C2AF1112500FD0147 /* AuthError.swift */; };
		90ECF0112AF1122000FD0147 /* RefreshTokenRequestQuery.swift in Sources */ = {isa = PBXBuildFile; fileRef = 90ECF0102AF1122000FD0147 /* RefreshTokenRequestQuery.swift */; };
		90ECF0142AF113C600FD0147 /* RemoteAuthDataSource.swift in Sources */ = {isa = PBXBuildFile; fileRef = 90ECF0132AF113C600FD0147 /* RemoteAuthDataSource.swift */; };
		90ECF0172AF1142200FD0147 /* FetchGoogleSigninUrlResponseDTO.swift in Sources */ = {isa = PBXBuildFile; fileRef = 90ECF0162AF1142200FD0147 /* FetchGoogleSigninUrlResponseDTO.swift */; };
		90ECF01A2AF1148600FD0147 /* GoogleSigninUrlEntity.swift in Sources */ = {isa = PBXBuildFile; fileRef = 90ECF0192AF1148600FD0147 /* GoogleSigninUrlEntity.swift */; };
		90ECF01C2AF114FB00FD0147 /* RemoteBaseDataSource.swift in Sources */ = {isa = PBXBuildFile; fileRef = 90ECF01B2AF114FB00FD0147 /* RemoteBaseDataSource.swift */; };
		90ECF01F2AF1184100FD0147 /* AuthRepositoryImpl.swift in Sources */ = {isa = PBXBuildFile; fileRef = 90ECF01E2AF1184100FD0147 /* AuthRepositoryImpl.swift */; };
		90ECF0222AF1185600FD0147 /* AuthRepository.swift in Sources */ = {isa = PBXBuildFile; fileRef = 90ECF0212AF1185600FD0147 /* AuthRepository.swift */; };
		90ECF0252AF118ED00FD0147 /* LocalAuthDataSource.swift in Sources */ = {isa = PBXBuildFile; fileRef = 90ECF0242AF118ED00FD0147 /* LocalAuthDataSource.swift */; };
		90ECF0292AF119CF00FD0147 /* FetchGoogleSigninUrlUseCase.swift in Sources */ = {isa = PBXBuildFile; fileRef = 90ECF0282AF119CF00FD0147 /* FetchGoogleSigninUrlUseCase.swift */; };
		90ECF02B2AF11A3D00FD0147 /* GoogleSigninUseCase.swift in Sources */ = {isa = PBXBuildFile; fileRef = 90ECF02A2AF11A3D00FD0147 /* GoogleSigninUseCase.swift */; };
		90ECF02D2AF11A5200FD0147 /* RefreshTokenUseCase.swift in Sources */ = {isa = PBXBuildFile; fileRef = 90ECF02C2AF11A5200FD0147 /* RefreshTokenUseCase.swift */; };
		90ECF02F2AF11A8000FD0147 /* LogoutUseCase.swift in Sources */ = {isa = PBXBuildFile; fileRef = 90ECF02E2AF11A8000FD0147 /* LogoutUseCase.swift */; };
		90ECF0312AF11BED00FD0147 /* UserAPI.swift in Sources */ = {isa = PBXBuildFile; fileRef = 90ECF0302AF11BED00FD0147 /* UserAPI.swift */; };
		90ECF0342AF11C3800FD0147 /* RenameRequestQuery.swift in Sources */ = {isa = PBXBuildFile; fileRef = 90ECF0332AF11C3800FD0147 /* RenameRequestQuery.swift */; };
		90ECF0362AF11C9B00FD0147 /* UserError.swift in Sources */ = {isa = PBXBuildFile; fileRef = 90ECF0352AF11C9B00FD0147 /* UserError.swift */; };
		90ECF0382AF11CBA00FD0147 /* RemoteUserDataSource.swift in Sources */ = {isa = PBXBuildFile; fileRef = 90ECF0372AF11CBA00FD0147 /* RemoteUserDataSource.swift */; };
		90ECF03A2AF1C33600FD0147 /* RenameResponseDTO.swift in Sources */ = {isa = PBXBuildFile; fileRef = 90ECF0392AF1C33600FD0147 /* RenameResponseDTO.swift */; };
		90ECF03C2AF1C3C100FD0147 /* UserRepositoryImpl.swift in Sources */ = {isa = PBXBuildFile; fileRef = 90ECF03B2AF1C3C100FD0147 /* UserRepositoryImpl.swift */; };
		90ECF03E2AF1C3C800FD0147 /* UserRepository.swift in Sources */ = {isa = PBXBuildFile; fileRef = 90ECF03D2AF1C3C800FD0147 /* UserRepository.swift */; };
		90ECF0412AF1C43F00FD0147 /* RenameUseCase.swift in Sources */ = {isa = PBXBuildFile; fileRef = 90ECF0402AF1C43F00FD0147 /* RenameUseCase.swift */; };
		90ECF0432AF1C4EA00FD0147 /* ImageAPI.swift in Sources */ = {isa = PBXBuildFile; fileRef = 90ECF0422AF1C4EA00FD0147 /* ImageAPI.swift */; };
		90ECF0452AF1C4FF00FD0147 /* ImageError.swift in Sources */ = {isa = PBXBuildFile; fileRef = 90ECF0442AF1C4FF00FD0147 /* ImageError.swift */; };
		90ECF0472AF1C81400FD0147 /* RemoteImageDataSource.swift in Sources */ = {isa = PBXBuildFile; fileRef = 90ECF0462AF1C81400FD0147 /* RemoteImageDataSource.swift */; };
		90ECF0492AF1C8DC00FD0147 /* UploadImageResponseDTO.swift in Sources */ = {isa = PBXBuildFile; fileRef = 90ECF0482AF1C8DC00FD0147 /* UploadImageResponseDTO.swift */; };
		90ECF04B2AF1C96A00FD0147 /* ImageRepository.swift in Sources */ = {isa = PBXBuildFile; fileRef = 90ECF04A2AF1C96A00FD0147 /* ImageRepository.swift */; };
		90ECF04D2AF1C98700FD0147 /* ImageRepositoryImpl.swift in Sources */ = {isa = PBXBuildFile; fileRef = 90ECF04C2AF1C98700FD0147 /* ImageRepositoryImpl.swift */; };
		90ECF0502AF1C9D600FD0147 /* UploadImageUseCase.swift in Sources */ = {isa = PBXBuildFile; fileRef = 90ECF04F2AF1C9D600FD0147 /* UploadImageUseCase.swift */; };
		90F367112AC3C56200BE5A5F /* SigninView.swift in Sources */ = {isa = PBXBuildFile; fileRef = 90F3670E2AC3C56200BE5A5F /* SigninView.swift */; };
		90F367122AC3C56200BE5A5F /* SigninViewModel.swift in Sources */ = {isa = PBXBuildFile; fileRef = 90F3670F2AC3C56200BE5A5F /* SigninViewModel.swift */; };
		90F367152AC3C57F00BE5A5F /* BaseViewModel.swift in Sources */ = {isa = PBXBuildFile; fileRef = 90F367142AC3C57F00BE5A5F /* BaseViewModel.swift */; };
		90F3671F2AC3C6E800BE5A5F /* Assets.xcassets in Resources */ = {isa = PBXBuildFile; fileRef = 90BCBFFB2AA02E170067A284 /* Assets.xcassets */; };
/* End PBXBuildFile section */

/* Begin PBXFileReference section */
		906361232AD7AC8C0046D2B7 /* BottomSheetView.swift */ = {isa = PBXFileReference; lastKnownFileType = sourcecode.swift; path = BottomSheetView.swift; sourceTree = "<group>"; };
		906361272AD7AD880046D2B7 /* View+cornerRadius.swift */ = {isa = PBXFileReference; lastKnownFileType = sourcecode.swift; path = "View+cornerRadius.swift"; sourceTree = "<group>"; };
		907549932AE8B6AC009F5BBF /* MoodImage.swift */ = {isa = PBXFileReference; lastKnownFileType = sourcecode.swift; path = MoodImage.swift; sourceTree = "<group>"; };
		907549962AE8B932009F5BBF /* CarouselCanvas.swift */ = {isa = PBXFileReference; lastKnownFileType = sourcecode.swift; path = CarouselCanvas.swift; sourceTree = "<group>"; };
		907549982AE8B941009F5BBF /* UIStateModel.swift */ = {isa = PBXFileReference; lastKnownFileType = sourcecode.swift; path = UIStateModel.swift; sourceTree = "<group>"; };
		9075499A2AE8B957009F5BBF /* CarouselView.swift */ = {isa = PBXFileReference; lastKnownFileType = sourcecode.swift; path = CarouselView.swift; sourceTree = "<group>"; };
		9075499C2AE8B989009F5BBF /* Carousel.swift */ = {isa = PBXFileReference; lastKnownFileType = sourcecode.swift; path = Carousel.swift; sourceTree = "<group>"; };
		9075499F2AE8B9A8009F5BBF /* View+navigate.swift */ = {isa = PBXFileReference; lastKnownFileType = sourcecode.swift; path = "View+navigate.swift"; sourceTree = "<group>"; };
		907549A52AED06DA009F5BBF /* RecordView.swift */ = {isa = PBXFileReference; lastKnownFileType = sourcecode.swift; path = RecordView.swift; sourceTree = "<group>"; };
		907549A72AED0787009F5BBF /* View+frame.swift */ = {isa = PBXFileReference; lastKnownFileType = sourcecode.swift; path = "View+frame.swift"; sourceTree = "<group>"; };
		907549AF2AED3AF9009F5BBF /* ImagePicker.swift */ = {isa = PBXFileReference; lastKnownFileType = sourcecode.swift; path = ImagePicker.swift; sourceTree = "<group>"; };
		907549B12AED4046009F5BBF /* View+hideKeyboard.swift */ = {isa = PBXFileReference; lastKnownFileType = sourcecode.swift; path = "View+hideKeyboard.swift"; sourceTree = "<group>"; };
		907549B42AEF2F05009F5BBF /* AsyncUtil.swift */ = {isa = PBXFileReference; lastKnownFileType = sourcecode.swift; path = AsyncUtil.swift; sourceTree = "<group>"; };
		907549B62AEF3569009F5BBF /* RecordViewModel.swift */ = {isa = PBXFileReference; lastKnownFileType = sourcecode.swift; path = RecordViewModel.swift; sourceTree = "<group>"; };
		907803652ADEA0BA00B4A95D /* Image.xcassets */ = {isa = PBXFileReference; lastKnownFileType = folder.assetcatalog; path = Image.xcassets; sourceTree = "<group>"; };
		907803682ADEA0DC00B4A95D /* OnuiImage.swift */ = {isa = PBXFileReference; lastKnownFileType = sourcecode.swift; path = OnuiImage.swift; sourceTree = "<group>"; };
		90BCB9A12AD791EE0076459C /* RootView.swift */ = {isa = PBXFileReference; lastKnownFileType = sourcecode.swift; path = RootView.swift; sourceTree = "<group>"; };
		90BCB9AB2AD79D800076459C /* MainView.swift */ = {isa = PBXFileReference; lastKnownFileType = sourcecode.swift; path = MainView.swift; sourceTree = "<group>"; };
		90BCB9AD2AD79D840076459C /* MainViewModel.swift */ = {isa = PBXFileReference; lastKnownFileType = sourcecode.swift; path = MainViewModel.swift; sourceTree = "<group>"; };
		90BCBFF42AA02E160067A284 /* ONUI-iOS.app */ = {isa = PBXFileReference; explicitFileType = wrapper.application; includeInIndex = 0; path = "ONUI-iOS.app"; sourceTree = BUILT_PRODUCTS_DIR; };
		90BCBFF72AA02E160067A284 /* ONUI_iOSApp.swift */ = {isa = PBXFileReference; lastKnownFileType = sourcecode.swift; path = ONUI_iOSApp.swift; sourceTree = "<group>"; };
		90BCBFFB2AA02E170067A284 /* Assets.xcassets */ = {isa = PBXFileReference; lastKnownFileType = folder.assetcatalog; path = Assets.xcassets; sourceTree = "<group>"; };
		90BCC0142AA03E660067A284 /* OnuiAPI.swift */ = {isa = PBXFileReference; lastKnownFileType = sourcecode.swift; path = OnuiAPI.swift; sourceTree = "<group>"; };
		90BCC0162AA03E6D0067A284 /* domainFile.swift */ = {isa = PBXFileReference; lastKnownFileType = sourcecode.swift; path = domainFile.swift; sourceTree = "<group>"; };
		90E975E12AD3D4AF008F8448 /* Primary.xcassets */ = {isa = PBXFileReference; lastKnownFileType = folder.assetcatalog; path = Primary.xcassets; sourceTree = "<group>"; };
		90E975E62AD3D95C008F8448 /* GrayScale.xcassets */ = {isa = PBXFileReference; lastKnownFileType = folder.assetcatalog; path = GrayScale.xcassets; sourceTree = "<group>"; };
		90E975EA2AD3D9E9008F8448 /* ErrorVariant.xcassets */ = {isa = PBXFileReference; lastKnownFileType = folder.assetcatalog; path = ErrorVariant.xcassets; sourceTree = "<group>"; };
		90E975ED2AD3DB99008F8448 /* Color+init.swift */ = {isa = PBXFileReference; lastKnownFileType = sourcecode.swift; path = "Color+init.swift"; sourceTree = "<group>"; };
		90E975EF2AD3DD51008F8448 /* PrimaryColor.swift */ = {isa = PBXFileReference; lastKnownFileType = sourcecode.swift; path = PrimaryColor.swift; sourceTree = "<group>"; };
		90E975F12AD3E157008F8448 /* GrayColor.swift */ = {isa = PBXFileReference; lastKnownFileType = sourcecode.swift; path = GrayColor.swift; sourceTree = "<group>"; };
		90E975F32AD3E1B9008F8448 /* ErrorVariantColor.swift */ = {isa = PBXFileReference; lastKnownFileType = sourcecode.swift; path = ErrorVariantColor.swift; sourceTree = "<group>"; };
		90E975F92AD40CE8008F8448 /* Roboto-Bold.ttf */ = {isa = PBXFileReference; lastKnownFileType = file; name = "Roboto-Bold.ttf"; path = "../../../../../../../../../../Downloads/Roboto/Roboto-Bold.ttf"; sourceTree = "<group>"; };
		90E975FA2AD40CE8008F8448 /* Roboto-Medium.ttf */ = {isa = PBXFileReference; lastKnownFileType = file; name = "Roboto-Medium.ttf"; path = "../../../../../../../../../../Downloads/Roboto/Roboto-Medium.ttf"; sourceTree = "<group>"; };
		90E975FB2AD40CE8008F8448 /* Roboto-Regular.ttf */ = {isa = PBXFileReference; lastKnownFileType = file; name = "Roboto-Regular.ttf"; path = "../../../../../../../../../../Downloads/Roboto/Roboto-Regular.ttf"; sourceTree = "<group>"; };
		90E976002AD40D25008F8448 /* Roboto.swift */ = {isa = PBXFileReference; lastKnownFileType = sourcecode.swift; path = Roboto.swift; sourceTree = "<group>"; };
		90E976022AD40E1D008F8448 /* Info.plist */ = {isa = PBXFileReference; lastKnownFileType = text.plist; path = Info.plist; sourceTree = "<group>"; };
		90E976032AD40EA7008F8448 /* OnuiFont.swift */ = {isa = PBXFileReference; lastKnownFileType = sourcecode.swift; path = OnuiFont.swift; sourceTree = "<group>"; };
		90E976052AD40EAE008F8448 /* OnuiFontStyle.swift */ = {isa = PBXFileReference; lastKnownFileType = sourcecode.swift; path = OnuiFontStyle.swift; sourceTree = "<group>"; };
		90ECEFE62AF0D07B00FD0147 /* CalendarView.swift */ = {isa = PBXFileReference; lastKnownFileType = sourcecode.swift; path = CalendarView.swift; sourceTree = "<group>"; };
		90ECEFE82AF0D08400FD0147 /* CalendarViewModel.swift */ = {isa = PBXFileReference; lastKnownFileType = sourcecode.swift; path = CalendarViewModel.swift; sourceTree = "<group>"; };
		90ECEFEB2AF0D47000FD0147 /* CalendarSheetModel.swift */ = {isa = PBXFileReference; lastKnownFileType = sourcecode.swift; path = CalendarSheetModel.swift; sourceTree = "<group>"; };
		90ECEFEE2AF0D4D800FD0147 /* DateUtil.swift */ = {isa = PBXFileReference; lastKnownFileType = sourcecode.swift; path = DateUtil.swift; sourceTree = "<group>"; };
		90ECEFF22AF0E66E00FD0147 /* JwtImpl.swift */ = {isa = PBXFileReference; lastKnownFileType = sourcecode.swift; path = JwtImpl.swift; sourceTree = "<group>"; };
		90ECEFF42AF0E67D00FD0147 /* JwtStore.swift */ = {isa = PBXFileReference; lastKnownFileType = sourcecode.swift; path = JwtStore.swift; sourceTree = "<group>"; };
		90ECEFF62AF0E6C200FD0147 /* MoyaLoggingPlugin.swift */ = {isa = PBXFileReference; lastKnownFileType = sourcecode.swift; path = MoyaLoggingPlugin.swift; sourceTree = "<group>"; };
		90ECEFF82AF0E6D900FD0147 /* JwtAuthorizable.swift */ = {isa = PBXFileReference; lastKnownFileType = sourcecode.swift; path = JwtAuthorizable.swift; sourceTree = "<group>"; };
		90ECEFFA2AF0E6E700FD0147 /* JwtPlugin.swift */ = {isa = PBXFileReference; lastKnownFileType = sourcecode.swift; path = JwtPlugin.swift; sourceTree = "<group>"; };
		90ECEFFC2AF0E6F200FD0147 /* TokenDTO.swift */ = {isa = PBXFileReference; lastKnownFileType = sourcecode.swift; path = TokenDTO.swift; sourceTree = "<group>"; };
		90ECEFFE2AF0E71200FD0147 /* ONUI-iOS.entitlements */ = {isa = PBXFileReference; lastKnownFileType = text.plist.entitlements; path = "ONUI-iOS.entitlements"; sourceTree = "<group>"; };
		90ECF0092AF1107C00FD0147 /* AuthAPI.swift */ = {isa = PBXFileReference; lastKnownFileType = sourcecode.swift; path = AuthAPI.swift; sourceTree = "<group>"; };
		90ECF00C2AF1112500FD0147 /* AuthError.swift */ = {isa = PBXFileReference; lastKnownFileType = sourcecode.swift; path = AuthError.swift; sourceTree = "<group>"; };
		90ECF0102AF1122000FD0147 /* RefreshTokenRequestQuery.swift */ = {isa = PBXFileReference; lastKnownFileType = sourcecode.swift; path = RefreshTokenRequestQuery.swift; sourceTree = "<group>"; };
		90ECF0132AF113C600FD0147 /* RemoteAuthDataSource.swift */ = {isa = PBXFileReference; lastKnownFileType = sourcecode.swift; path = RemoteAuthDataSource.swift; sourceTree = "<group>"; };
		90ECF0162AF1142200FD0147 /* FetchGoogleSigninUrlResponseDTO.swift */ = {isa = PBXFileReference; lastKnownFileType = sourcecode.swift; path = FetchGoogleSigninUrlResponseDTO.swift; sourceTree = "<group>"; };
		90ECF0192AF1148600FD0147 /* GoogleSigninUrlEntity.swift */ = {isa = PBXFileReference; lastKnownFileType = sourcecode.swift; path = GoogleSigninUrlEntity.swift; sourceTree = "<group>"; };
		90ECF01B2AF114FB00FD0147 /* RemoteBaseDataSource.swift */ = {isa = PBXFileReference; lastKnownFileType = sourcecode.swift; path = RemoteBaseDataSource.swift; sourceTree = "<group>"; };
		90ECF01E2AF1184100FD0147 /* AuthRepositoryImpl.swift */ = {isa = PBXFileReference; lastKnownFileType = sourcecode.swift; path = AuthRepositoryImpl.swift; sourceTree = "<group>"; };
		90ECF0212AF1185600FD0147 /* AuthRepository.swift */ = {isa = PBXFileReference; lastKnownFileType = sourcecode.swift; path = AuthRepository.swift; sourceTree = "<group>"; };
		90ECF0242AF118ED00FD0147 /* LocalAuthDataSource.swift */ = {isa = PBXFileReference; lastKnownFileType = sourcecode.swift; path = LocalAuthDataSource.swift; sourceTree = "<group>"; };
		90ECF0282AF119CF00FD0147 /* FetchGoogleSigninUrlUseCase.swift */ = {isa = PBXFileReference; lastKnownFileType = sourcecode.swift; path = FetchGoogleSigninUrlUseCase.swift; sourceTree = "<group>"; };
		90ECF02A2AF11A3D00FD0147 /* GoogleSigninUseCase.swift */ = {isa = PBXFileReference; lastKnownFileType = sourcecode.swift; path = GoogleSigninUseCase.swift; sourceTree = "<group>"; };
		90ECF02C2AF11A5200FD0147 /* RefreshTokenUseCase.swift */ = {isa = PBXFileReference; lastKnownFileType = sourcecode.swift; path = RefreshTokenUseCase.swift; sourceTree = "<group>"; };
		90ECF02E2AF11A8000FD0147 /* LogoutUseCase.swift */ = {isa = PBXFileReference; lastKnownFileType = sourcecode.swift; path = LogoutUseCase.swift; sourceTree = "<group>"; };
		90ECF0302AF11BED00FD0147 /* UserAPI.swift */ = {isa = PBXFileReference; lastKnownFileType = sourcecode.swift; path = UserAPI.swift; sourceTree = "<group>"; };
		90ECF0332AF11C3800FD0147 /* RenameRequestQuery.swift */ = {isa = PBXFileReference; lastKnownFileType = sourcecode.swift; path = RenameRequestQuery.swift; sourceTree = "<group>"; };
		90ECF0352AF11C9B00FD0147 /* UserError.swift */ = {isa = PBXFileReference; lastKnownFileType = sourcecode.swift; path = UserError.swift; sourceTree = "<group>"; };
		90ECF0372AF11CBA00FD0147 /* RemoteUserDataSource.swift */ = {isa = PBXFileReference; lastKnownFileType = sourcecode.swift; path = RemoteUserDataSource.swift; sourceTree = "<group>"; };
		90ECF0392AF1C33600FD0147 /* RenameResponseDTO.swift */ = {isa = PBXFileReference; lastKnownFileType = sourcecode.swift; path = RenameResponseDTO.swift; sourceTree = "<group>"; };
		90ECF03B2AF1C3C100FD0147 /* UserRepositoryImpl.swift */ = {isa = PBXFileReference; lastKnownFileType = sourcecode.swift; path = UserRepositoryImpl.swift; sourceTree = "<group>"; };
		90ECF03D2AF1C3C800FD0147 /* UserRepository.swift */ = {isa = PBXFileReference; lastKnownFileType = sourcecode.swift; path = UserRepository.swift; sourceTree = "<group>"; };
		90ECF0402AF1C43F00FD0147 /* RenameUseCase.swift */ = {isa = PBXFileReference; lastKnownFileType = sourcecode.swift; path = RenameUseCase.swift; sourceTree = "<group>"; };
		90ECF0422AF1C4EA00FD0147 /* ImageAPI.swift */ = {isa = PBXFileReference; lastKnownFileType = sourcecode.swift; path = ImageAPI.swift; sourceTree = "<group>"; };
		90ECF0442AF1C4FF00FD0147 /* ImageError.swift */ = {isa = PBXFileReference; lastKnownFileType = sourcecode.swift; path = ImageError.swift; sourceTree = "<group>"; };
		90ECF0462AF1C81400FD0147 /* RemoteImageDataSource.swift */ = {isa = PBXFileReference; lastKnownFileType = sourcecode.swift; path = RemoteImageDataSource.swift; sourceTree = "<group>"; };
		90ECF0482AF1C8DC00FD0147 /* UploadImageResponseDTO.swift */ = {isa = PBXFileReference; lastKnownFileType = sourcecode.swift; path = UploadImageResponseDTO.swift; sourceTree = "<group>"; };
		90ECF04A2AF1C96A00FD0147 /* ImageRepository.swift */ = {isa = PBXFileReference; lastKnownFileType = sourcecode.swift; path = ImageRepository.swift; sourceTree = "<group>"; };
		90ECF04C2AF1C98700FD0147 /* ImageRepositoryImpl.swift */ = {isa = PBXFileReference; lastKnownFileType = sourcecode.swift; path = ImageRepositoryImpl.swift; sourceTree = "<group>"; };
		90ECF04F2AF1C9D600FD0147 /* UploadImageUseCase.swift */ = {isa = PBXFileReference; lastKnownFileType = sourcecode.swift; path = UploadImageUseCase.swift; sourceTree = "<group>"; };
		90F3670E2AC3C56200BE5A5F /* SigninView.swift */ = {isa = PBXFileReference; lastKnownFileType = sourcecode.swift; path = SigninView.swift; sourceTree = "<group>"; };
		90F3670F2AC3C56200BE5A5F /* SigninViewModel.swift */ = {isa = PBXFileReference; lastKnownFileType = sourcecode.swift; path = SigninViewModel.swift; sourceTree = "<group>"; };
		90F367142AC3C57F00BE5A5F /* BaseViewModel.swift */ = {isa = PBXFileReference; lastKnownFileType = sourcecode.swift; path = BaseViewModel.swift; sourceTree = "<group>"; };
/* End PBXFileReference section */

/* Begin PBXFrameworksBuildPhase section */
		90BCBFF12AA02E160067A284 /* Frameworks */ = {
			isa = PBXFrameworksBuildPhase;
			buildActionMask = 2147483647;
			files = (
				90E975DD2AD3D3F2008F8448 /* Moya in Frameworks */,
				90E975DB2AD3D3F2008F8448 /* CombineMoya in Frameworks */,
				907549AB2AED21FB009F5BBF /* SwiftUIFlowLayout in Frameworks */,
			);
			runOnlyForDeploymentPostprocessing = 0;
		};
/* End PBXFrameworksBuildPhase section */

/* Begin PBXGroup section */
		906361222AD7AC820046D2B7 /* Components */ = {
			isa = PBXGroup;
			children = (
				906361232AD7AC8C0046D2B7 /* BottomSheetView.swift */,
			);
			path = Components;
			sourceTree = "<group>";
		};
		906361252AD7AD750046D2B7 /* Shared */ = {
			isa = PBXGroup;
			children = (
				906361262AD7AD7B0046D2B7 /* Extension */,
				90ECEFEE2AF0D4D800FD0147 /* DateUtil.swift */,
				907549B42AEF2F05009F5BBF /* AsyncUtil.swift */,
			);
			path = Shared;
			sourceTree = "<group>";
		};
		906361262AD7AD7B0046D2B7 /* Extension */ = {
			isa = PBXGroup;
			children = (
				906361272AD7AD880046D2B7 /* View+cornerRadius.swift */,
			);
			path = Extension;
			sourceTree = "<group>";
		};
		907549952AE8B921009F5BBF /* Carousel */ = {
			isa = PBXGroup;
			children = (
				907549962AE8B932009F5BBF /* CarouselCanvas.swift */,
				907549982AE8B941009F5BBF /* UIStateModel.swift */,
				9075499C2AE8B989009F5BBF /* Carousel.swift */,
			);
			path = Carousel;
			sourceTree = "<group>";
		};
		9075499E2AE8B99D009F5BBF /* Extensions */ = {
			isa = PBXGroup;
			children = (
				9075499F2AE8B9A8009F5BBF /* View+navigate.swift */,
				907549A72AED0787009F5BBF /* View+frame.swift */,
				907549B12AED4046009F5BBF /* View+hideKeyboard.swift */,
			);
			path = Extensions;
			sourceTree = "<group>";
		};
		907549A12AE8BB45009F5BBF /* Components */ = {
			isa = PBXGroup;
			children = (
				9075499A2AE8B957009F5BBF /* CarouselView.swift */,
			);
			path = Components;
			sourceTree = "<group>";
		};
		907549A22AED068A009F5BBF /* Record */ = {
			isa = PBXGroup;
			children = (
				907549A52AED06DA009F5BBF /* RecordView.swift */,
				907549B62AEF3569009F5BBF /* RecordViewModel.swift */,
			);
			path = Record;
			sourceTree = "<group>";
		};
		907549AE2AED3AF2009F5BBF /* Picker */ = {
			isa = PBXGroup;
			children = (
				907549AF2AED3AF9009F5BBF /* ImagePicker.swift */,
			);
			path = Picker;
			sourceTree = "<group>";
		};
		907803642ADEA0B200B4A95D /* Imags */ = {
			isa = PBXGroup;
			children = (
				907803652ADEA0BA00B4A95D /* Image.xcassets */,
			);
			path = Imags;
			sourceTree = "<group>";
		};
		907803672ADEA0D400B4A95D /* Image */ = {
			isa = PBXGroup;
			children = (
				907803682ADEA0DC00B4A95D /* OnuiImage.swift */,
				907549932AE8B6AC009F5BBF /* MoodImage.swift */,
			);
			path = Image;
			sourceTree = "<group>";
		};
		90BCB9A32AD791F20076459C /* Root */ = {
			isa = PBXGroup;
			children = (
				90BCB9A12AD791EE0076459C /* RootView.swift */,
			);
			path = Root;
			sourceTree = "<group>";
		};
		90BCB9AA2AD79D5B0076459C /* Main */ = {
			isa = PBXGroup;
			children = (
				906361222AD7AC820046D2B7 /* Components */,
				90BCB9AB2AD79D800076459C /* MainView.swift */,
				90BCB9AD2AD79D840076459C /* MainViewModel.swift */,
			);
			path = Main;
			sourceTree = "<group>";
		};
		90BCBFEB2AA02E160067A284 = {
			isa = PBXGroup;
			children = (
				90BCBFF62AA02E160067A284 /* ONUI-iOS */,
				90BCBFF52AA02E160067A284 /* Products */,
			);
			sourceTree = "<group>";
		};
		90BCBFF52AA02E160067A284 /* Products */ = {
			isa = PBXGroup;
			children = (
				90BCBFF42AA02E160067A284 /* ONUI-iOS.app */,
			);
			name = Products;
			sourceTree = "<group>";
		};
		90BCBFF62AA02E160067A284 /* ONUI-iOS */ = {
			isa = PBXGroup;
			children = (
				90ECEFFE2AF0E71200FD0147 /* ONUI-iOS.entitlements */,
				90ECEFF02AF0E66200FD0147 /* Core */,
				906361252AD7AD750046D2B7 /* Shared */,
				90E976022AD40E1D008F8448 /* Info.plist */,
				90E975DE2AD3D426008F8448 /* DesignSystem */,
				90BCC00E2AA038BF0067A284 /* Presentation */,
				90BCC00D2AA038B80067A284 /* Data */,
				90BCC0082AA0302E0067A284 /* Domain */,
			);
			path = "ONUI-iOS";
			sourceTree = "<group>";
		};
		90BCC0052AA0301E0067A284 /* Application */ = {
			isa = PBXGroup;
			children = (
				90BCBFF72AA02E160067A284 /* ONUI_iOSApp.swift */,
			);
			path = Application;
			sourceTree = "<group>";
		};
		90BCC0062AA030240067A284 /* Resources */ = {
			isa = PBXGroup;
			children = (
				90BCBFFB2AA02E170067A284 /* Assets.xcassets */,
			);
			path = Resources;
			sourceTree = "<group>";
		};
		90BCC0072AA030270067A284 /* Sources */ = {
			isa = PBXGroup;
			children = (
				90ECEFE52AF0D06800FD0147 /* Calendar */,
				907549A22AED068A009F5BBF /* Record */,
				90BCB9AA2AD79D5B0076459C /* Main */,
				90BCB9A32AD791F20076459C /* Root */,
				90F367132AC3C57300BE5A5F /* Base */,
				90BCC0112AA039EE0067A284 /* Signin */,
			);
			path = Sources;
			sourceTree = "<group>";
		};
		90BCC0082AA0302E0067A284 /* Domain */ = {
			isa = PBXGroup;
			children = (
				90ECF0262AF119B300FD0147 /* UseCases */,
				90ECF0202AF1184F00FD0147 /* Repository */,
				90ECF0182AF1147000FD0147 /* Entities */,
				90ECF00E2AF111FC00FD0147 /* Parameters */,
				90ECF00B2AF1111B00FD0147 /* Error */,
				90BCC0162AA03E6D0067A284 /* domainFile.swift */,
			);
			path = Domain;
			sourceTree = "<group>";
		};
		90BCC00D2AA038B80067A284 /* Data */ = {
			isa = PBXGroup;
			children = (
				90ECF01D2AF1183300FD0147 /* Repository */,
				90ECF0152AF1141400FD0147 /* DTO */,
				90ECF0002AF0E8FD00FD0147 /* DataSource */,
			);
			path = Data;
			sourceTree = "<group>";
		};
		90BCC00E2AA038BF0067A284 /* Presentation */ = {
			isa = PBXGroup;
			children = (
				90BCC0072AA030270067A284 /* Sources */,
				90BCC0062AA030240067A284 /* Resources */,
				90BCC0052AA0301E0067A284 /* Application */,
			);
			path = Presentation;
			sourceTree = "<group>";
		};
		90BCC0112AA039EE0067A284 /* Signin */ = {
			isa = PBXGroup;
			children = (
				907549A12AE8BB45009F5BBF /* Components */,
				90F3670E2AC3C56200BE5A5F /* SigninView.swift */,
				90F3670F2AC3C56200BE5A5F /* SigninViewModel.swift */,
			);
			path = Signin;
			sourceTree = "<group>";
		};
		90E975DE2AD3D426008F8448 /* DesignSystem */ = {
			isa = PBXGroup;
			children = (
				90E975E02AD3D43D008F8448 /* Source */,
				90E975DF2AD3D438008F8448 /* Resourece */,
			);
			path = DesignSystem;
			sourceTree = "<group>";
		};
		90E975DF2AD3D438008F8448 /* Resourece */ = {
			isa = PBXGroup;
			children = (
				907803642ADEA0B200B4A95D /* Imags */,
				90E975F72AD40CD2008F8448 /* Fonts */,
				90E975E32AD3D772008F8448 /* Colors */,
			);
			path = Resourece;
			sourceTree = "<group>";
		};
		90E975E02AD3D43D008F8448 /* Source */ = {
			isa = PBXGroup;
			children = (
				907549AE2AED3AF2009F5BBF /* Picker */,
				9075499E2AE8B99D009F5BBF /* Extensions */,
				907549952AE8B921009F5BBF /* Carousel */,
				907803672ADEA0D400B4A95D /* Image */,
				90E975FF2AD40D04008F8448 /* Typography */,
				90E975EC2AD3DB86008F8448 /* Color */,
			);
			path = Source;
			sourceTree = "<group>";
		};
		90E975E32AD3D772008F8448 /* Colors */ = {
			isa = PBXGroup;
			children = (
				90E975E12AD3D4AF008F8448 /* Primary.xcassets */,
				90E975E62AD3D95C008F8448 /* GrayScale.xcassets */,
				90E975EA2AD3D9E9008F8448 /* ErrorVariant.xcassets */,
			);
			path = Colors;
			sourceTree = "<group>";
		};
		90E975EC2AD3DB86008F8448 /* Color */ = {
			isa = PBXGroup;
			children = (
				90E975ED2AD3DB99008F8448 /* Color+init.swift */,
				90E975EF2AD3DD51008F8448 /* PrimaryColor.swift */,
				90E975F12AD3E157008F8448 /* GrayColor.swift */,
				90E975F32AD3E1B9008F8448 /* ErrorVariantColor.swift */,
			);
			path = Color;
			sourceTree = "<group>";
		};
		90E975F72AD40CD2008F8448 /* Fonts */ = {
			isa = PBXGroup;
			children = (
				90E975F82AD40CD7008F8448 /* Roboto */,
			);
			path = Fonts;
			sourceTree = "<group>";
		};
		90E975F82AD40CD7008F8448 /* Roboto */ = {
			isa = PBXGroup;
			children = (
				90E975F92AD40CE8008F8448 /* Roboto-Bold.ttf */,
				90E975FA2AD40CE8008F8448 /* Roboto-Medium.ttf */,
				90E975FB2AD40CE8008F8448 /* Roboto-Regular.ttf */,
			);
			path = Roboto;
			sourceTree = "<group>";
		};
		90E975FF2AD40D04008F8448 /* Typography */ = {
			isa = PBXGroup;
			children = (
				90E976002AD40D25008F8448 /* Roboto.swift */,
				90E976032AD40EA7008F8448 /* OnuiFont.swift */,
				90E976052AD40EAE008F8448 /* OnuiFontStyle.swift */,
			);
			path = Typography;
			sourceTree = "<group>";
		};
		90ECEFE52AF0D06800FD0147 /* Calendar */ = {
			isa = PBXGroup;
			children = (
				90ECEFEA2AF0D46200FD0147 /* Components */,
				90ECEFE62AF0D07B00FD0147 /* CalendarView.swift */,
				90ECEFE82AF0D08400FD0147 /* CalendarViewModel.swift */,
			);
			path = Calendar;
			sourceTree = "<group>";
		};
		90ECEFEA2AF0D46200FD0147 /* Components */ = {
			isa = PBXGroup;
			children = (
				90ECEFEB2AF0D47000FD0147 /* CalendarSheetModel.swift */,
			);
			path = Components;
			sourceTree = "<group>";
		};
		90ECEFF02AF0E66200FD0147 /* Core */ = {
			isa = PBXGroup;
			children = (
				90ECEFF12AF0E66400FD0147 /* Jwt */,
			);
			path = Core;
			sourceTree = "<group>";
		};
		90ECEFF12AF0E66400FD0147 /* Jwt */ = {
			isa = PBXGroup;
			children = (
				90ECEFF22AF0E66E00FD0147 /* JwtImpl.swift */,
				90ECEFF42AF0E67D00FD0147 /* JwtStore.swift */,
				90ECEFF62AF0E6C200FD0147 /* MoyaLoggingPlugin.swift */,
				90ECEFF82AF0E6D900FD0147 /* JwtAuthorizable.swift */,
				90ECEFFA2AF0E6E700FD0147 /* JwtPlugin.swift */,
				90ECEFFC2AF0E6F200FD0147 /* TokenDTO.swift */,
			);
			path = Jwt;
			sourceTree = "<group>";
		};
		90ECF0002AF0E8FD00FD0147 /* DataSource */ = {
			isa = PBXGroup;
			children = (
				90ECF0232AF118E100FD0147 /* Local */,
				90ECF0122AF113B500FD0147 /* Remote */,
				90ECF0012AF0E90400FD0147 /* API */,
			);
			path = DataSource;
			sourceTree = "<group>";
		};
		90ECF0012AF0E90400FD0147 /* API */ = {
			isa = PBXGroup;
			children = (
				90BCC0142AA03E660067A284 /* OnuiAPI.swift */,
				90ECF0092AF1107C00FD0147 /* AuthAPI.swift */,
				90ECF0302AF11BED00FD0147 /* UserAPI.swift */,
				90ECF0422AF1C4EA00FD0147 /* ImageAPI.swift */,
			);
			path = API;
			sourceTree = "<group>";
		};
		90ECF00B2AF1111B00FD0147 /* Error */ = {
			isa = PBXGroup;
			children = (
				90ECF00C2AF1112500FD0147 /* AuthError.swift */,
				90ECF0442AF1C4FF00FD0147 /* ImageError.swift */,
				90ECF0352AF11C9B00FD0147 /* UserError.swift */,
			);
			path = Error;
			sourceTree = "<group>";
		};
		90ECF00E2AF111FC00FD0147 /* Parameters */ = {
			isa = PBXGroup;
			children = (
				90ECF0322AF11C2F00FD0147 /* User */,
				90ECF00F2AF1120700FD0147 /* Auth */,
			);
			path = Parameters;
			sourceTree = "<group>";
		};
		90ECF00F2AF1120700FD0147 /* Auth */ = {
			isa = PBXGroup;
			children = (
				90ECF0102AF1122000FD0147 /* RefreshTokenRequestQuery.swift */,
			);
			path = Auth;
			sourceTree = "<group>";
		};
		90ECF0122AF113B500FD0147 /* Remote */ = {
			isa = PBXGroup;
			children = (
				90ECF0132AF113C600FD0147 /* RemoteAuthDataSource.swift */,
				90ECF01B2AF114FB00FD0147 /* RemoteBaseDataSource.swift */,
				90ECF0372AF11CBA00FD0147 /* RemoteUserDataSource.swift */,
				90ECF0462AF1C81400FD0147 /* RemoteImageDataSource.swift */,
			);
			path = Remote;
			sourceTree = "<group>";
		};
		90ECF0152AF1141400FD0147 /* DTO */ = {
			isa = PBXGroup;
			children = (
				90ECF0162AF1142200FD0147 /* FetchGoogleSigninUrlResponseDTO.swift */,
				90ECF0392AF1C33600FD0147 /* RenameResponseDTO.swift */,
				90ECF0482AF1C8DC00FD0147 /* UploadImageResponseDTO.swift */,
			);
			path = DTO;
			sourceTree = "<group>";
		};
		90ECF0182AF1147000FD0147 /* Entities */ = {
			isa = PBXGroup;
			children = (
				90ECF0192AF1148600FD0147 /* GoogleSigninUrlEntity.swift */,
			);
			path = Entities;
			sourceTree = "<group>";
		};
		90ECF01D2AF1183300FD0147 /* Repository */ = {
			isa = PBXGroup;
			children = (
				90ECF01E2AF1184100FD0147 /* AuthRepositoryImpl.swift */,
				90ECF03B2AF1C3C100FD0147 /* UserRepositoryImpl.swift */,
				90ECF04C2AF1C98700FD0147 /* ImageRepositoryImpl.swift */,
			);
			path = Repository;
			sourceTree = "<group>";
		};
		90ECF0202AF1184F00FD0147 /* Repository */ = {
			isa = PBXGroup;
			children = (
				90ECF0212AF1185600FD0147 /* AuthRepository.swift */,
				90ECF03D2AF1C3C800FD0147 /* UserRepository.swift */,
				90ECF04A2AF1C96A00FD0147 /* ImageRepository.swift */,
			);
			path = Repository;
			sourceTree = "<group>";
		};
		90ECF0232AF118E100FD0147 /* Local */ = {
			isa = PBXGroup;
			children = (
				90ECF0242AF118ED00FD0147 /* LocalAuthDataSource.swift */,
			);
			path = Local;
			sourceTree = "<group>";
		};
		90ECF0262AF119B300FD0147 /* UseCases */ = {
			isa = PBXGroup;
			children = (
				90ECF04E2AF1C9CF00FD0147 /* Image */,
				90ECF03F2AF1C43700FD0147 /* User */,
				90ECF0272AF119C200FD0147 /* Auth */,
			);
			path = UseCases;
			sourceTree = "<group>";
		};
		90ECF0272AF119C200FD0147 /* Auth */ = {
			isa = PBXGroup;
			children = (
				90ECF0282AF119CF00FD0147 /* FetchGoogleSigninUrlUseCase.swift */,
				90ECF02A2AF11A3D00FD0147 /* GoogleSigninUseCase.swift */,
				90ECF02C2AF11A5200FD0147 /* RefreshTokenUseCase.swift */,
				90ECF02E2AF11A8000FD0147 /* LogoutUseCase.swift */,
			);
			path = Auth;
			sourceTree = "<group>";
		};
		90ECF0322AF11C2F00FD0147 /* User */ = {
			isa = PBXGroup;
			children = (
				90ECF0332AF11C3800FD0147 /* RenameRequestQuery.swift */,
			);
			path = User;
			sourceTree = "<group>";
		};
		90ECF03F2AF1C43700FD0147 /* User */ = {
			isa = PBXGroup;
			children = (
				90ECF0402AF1C43F00FD0147 /* RenameUseCase.swift */,
			);
			path = User;
			sourceTree = "<group>";
		};
		90ECF04E2AF1C9CF00FD0147 /* Image */ = {
			isa = PBXGroup;
			children = (
				90ECF04F2AF1C9D600FD0147 /* UploadImageUseCase.swift */,
			);
			path = Image;
			sourceTree = "<group>";
		};
		90F367132AC3C57300BE5A5F /* Base */ = {
			isa = PBXGroup;
			children = (
				90F367142AC3C57F00BE5A5F /* BaseViewModel.swift */,
			);
			path = Base;
			sourceTree = "<group>";
		};
/* End PBXGroup section */

/* Begin PBXNativeTarget section */
		90BCBFF32AA02E160067A284 /* ONUI-iOS */ = {
			isa = PBXNativeTarget;
			buildConfigurationList = 90BCC0022AA02E170067A284 /* Build configuration list for PBXNativeTarget "ONUI-iOS" */;
			buildPhases = (
				90BCBFF02AA02E160067A284 /* Sources */,
				90BCBFF12AA02E160067A284 /* Frameworks */,
				90BCBFF22AA02E160067A284 /* Resources */,
			);
			buildRules = (
			);
			dependencies = (
			);
			name = "ONUI-iOS";
			packageProductDependencies = (
				90E975DA2AD3D3F2008F8448 /* CombineMoya */,
				90E975DC2AD3D3F2008F8448 /* Moya */,
				907549AA2AED21FB009F5BBF /* SwiftUIFlowLayout */,
			);
			productName = "ONUI-iOS";
			productReference = 90BCBFF42AA02E160067A284 /* ONUI-iOS.app */;
			productType = "com.apple.product-type.application";
		};
/* End PBXNativeTarget section */

/* Begin PBXProject section */
		90BCBFEC2AA02E160067A284 /* Project object */ = {
			isa = PBXProject;
			attributes = {
				BuildIndependentTargetsInParallel = 1;
				LastSwiftUpdateCheck = 1430;
				LastUpgradeCheck = 1500;
				TargetAttributes = {
					90BCBFF32AA02E160067A284 = {
						CreatedOnToolsVersion = 14.3.1;
					};
				};
			};
			buildConfigurationList = 90BCBFEF2AA02E160067A284 /* Build configuration list for PBXProject "ONUI-iOS" */;
			compatibilityVersion = "Xcode 14.0";
			developmentRegion = en;
			hasScannedForEncodings = 0;
			knownRegions = (
				en,
				Base,
			);
			mainGroup = 90BCBFEB2AA02E160067A284;
			packageReferences = (
				90E975D92AD3D3F2008F8448 /* XCRemoteSwiftPackageReference "Moya" */,
				907549A92AED21FB009F5BBF /* XCRemoteSwiftPackageReference "swiftui-flow-layout" */,
			);
			productRefGroup = 90BCBFF52AA02E160067A284 /* Products */;
			projectDirPath = "";
			projectRoot = "";
			targets = (
				90BCBFF32AA02E160067A284 /* ONUI-iOS */,
			);
		};
/* End PBXProject section */

/* Begin PBXResourcesBuildPhase section */
		90BCBFF22AA02E160067A284 /* Resources */ = {
			isa = PBXResourcesBuildPhase;
			buildActionMask = 2147483647;
			files = (
				90E975EB2AD3D9E9008F8448 /* ErrorVariant.xcassets in Resources */,
				90E975FE2AD40CE8008F8448 /* Roboto-Regular.ttf in Resources */,
				90F3671F2AC3C6E800BE5A5F /* Assets.xcassets in Resources */,
				90E975FD2AD40CE8008F8448 /* Roboto-Medium.ttf in Resources */,
				90E975FC2AD40CE8008F8448 /* Roboto-Bold.ttf in Resources */,
				907803662ADEA0BA00B4A95D /* Image.xcassets in Resources */,
				90E975E22AD3D4AF008F8448 /* Primary.xcassets in Resources */,
				90E975E72AD3D95C008F8448 /* GrayScale.xcassets in Resources */,
			);
			runOnlyForDeploymentPostprocessing = 0;
		};
/* End PBXResourcesBuildPhase section */

/* Begin PBXSourcesBuildPhase section */
		90BCBFF02AA02E160067A284 /* Sources */ = {
			isa = PBXSourcesBuildPhase;
			buildActionMask = 2147483647;
			files = (
				907549B52AEF2F05009F5BBF /* AsyncUtil.swift in Sources */,
				90E975F02AD3DD51008F8448 /* PrimaryColor.swift in Sources */,
				90ECEFE72AF0D07B00FD0147 /* CalendarView.swift in Sources */,
				90ECF0222AF1185600FD0147 /* AuthRepository.swift in Sources */,
				90ECF0472AF1C81400FD0147 /* RemoteImageDataSource.swift in Sources */,
				90ECEFF32AF0E66E00FD0147 /* JwtImpl.swift in Sources */,
				90ECF0142AF113C600FD0147 /* RemoteAuthDataSource.swift in Sources */,
				90ECEFFD2AF0E6F200FD0147 /* TokenDTO.swift in Sources */,
				90ECEFF72AF0E6C200FD0147 /* MoyaLoggingPlugin.swift in Sources */,
				907549992AE8B941009F5BBF /* UIStateModel.swift in Sources */,
				906361282AD7AD880046D2B7 /* View+cornerRadius.swift in Sources */,
				90ECF04B2AF1C96A00FD0147 /* ImageRepository.swift in Sources */,
				90ECF0112AF1122000FD0147 /* RefreshTokenRequestQuery.swift in Sources */,
				90F367122AC3C56200BE5A5F /* SigninViewModel.swift in Sources */,
				90ECF02F2AF11A8000FD0147 /* LogoutUseCase.swift in Sources */,
				907549972AE8B932009F5BBF /* CarouselCanvas.swift in Sources */,
				90ECF0342AF11C3800FD0147 /* RenameRequestQuery.swift in Sources */,
				90BCC0172AA03E6D0067A284 /* domainFile.swift in Sources */,
				90ECF03E2AF1C3C800FD0147 /* UserRepository.swift in Sources */,
				907803692ADEA0DC00B4A95D /* OnuiImage.swift in Sources */,
				90ECF0452AF1C4FF00FD0147 /* ImageError.swift in Sources */,
				90ECEFEF2AF0D4D800FD0147 /* DateUtil.swift in Sources */,
				90ECEFE92AF0D08400FD0147 /* CalendarViewModel.swift in Sources */,
				90BCC0152AA03E660067A284 /* OnuiAPI.swift in Sources */,
				90ECF0492AF1C8DC00FD0147 /* UploadImageResponseDTO.swift in Sources */,
				90ECEFFB2AF0E6E700FD0147 /* JwtPlugin.swift in Sources */,
				90ECEFEC2AF0D47000FD0147 /* CalendarSheetModel.swift in Sources */,
				90BCB9A22AD791EE0076459C /* RootView.swift in Sources */,
				90ECF03C2AF1C3C100FD0147 /* UserRepositoryImpl.swift in Sources */,
				907549B22AED4046009F5BBF /* View+hideKeyboard.swift in Sources */,
				906361242AD7AC8C0046D2B7 /* BottomSheetView.swift in Sources */,
				90ECF03A2AF1C33600FD0147 /* RenameResponseDTO.swift in Sources */,
				90ECF0502AF1C9D600FD0147 /* UploadImageUseCase.swift in Sources */,
				9075499B2AE8B957009F5BBF /* CarouselView.swift in Sources */,
				90ECF01C2AF114FB00FD0147 /* RemoteBaseDataSource.swift in Sources */,
				90ECF00D2AF1112500FD0147 /* AuthError.swift in Sources */,
				907549A02AE8B9A8009F5BBF /* View+navigate.swift in Sources */,
				90E976062AD40EAE008F8448 /* OnuiFontStyle.swift in Sources */,
				90F367152AC3C57F00BE5A5F /* BaseViewModel.swift in Sources */,
				90E976012AD40D25008F8448 /* Roboto.swift in Sources */,
				90E975EE2AD3DB99008F8448 /* Color+init.swift in Sources */,
				907549B72AEF3569009F5BBF /* RecordViewModel.swift in Sources */,
				907549B02AED3AF9009F5BBF /* ImagePicker.swift in Sources */,
				90ECF0432AF1C4EA00FD0147 /* ImageAPI.swift in Sources */,
				907549A82AED0787009F5BBF /* View+frame.swift in Sources */,
				90ECF0412AF1C43F00FD0147 /* RenameUseCase.swift in Sources */,
				9075499D2AE8B989009F5BBF /* Carousel.swift in Sources */,
				90ECF02D2AF11A5200FD0147 /* RefreshTokenUseCase.swift in Sources */,
				907549942AE8B6AC009F5BBF /* MoodImage.swift in Sources */,
				90E976042AD40EA7008F8448 /* OnuiFont.swift in Sources */,
				90ECF01A2AF1148600FD0147 /* GoogleSigninUrlEntity.swift in Sources */,
				907549A62AED06DA009F5BBF /* RecordView.swift in Sources */,
				90ECF0312AF11BED00FD0147 /* UserAPI.swift in Sources */,
				90ECF0172AF1142200FD0147 /* FetchGoogleSigninUrlResponseDTO.swift in Sources */,
				90E975F42AD3E1B9008F8448 /* ErrorVariantColor.swift in Sources */,
				90ECF00A2AF1107C00FD0147 /* AuthAPI.swift in Sources */,
				90ECF0252AF118ED00FD0147 /* LocalAuthDataSource.swift in Sources */,
				90ECF02B2AF11A3D00FD0147 /* GoogleSigninUseCase.swift in Sources */,
				90ECEFF92AF0E6D900FD0147 /* JwtAuthorizable.swift in Sources */,
				90ECF0362AF11C9B00FD0147 /* UserError.swift in Sources */,
				90F367112AC3C56200BE5A5F /* SigninView.swift in Sources */,
				90ECF0292AF119CF00FD0147 /* FetchGoogleSigninUrlUseCase.swift in Sources */,
				90E975F22AD3E157008F8448 /* GrayColor.swift in Sources */,
				90BCB9AC2AD79D800076459C /* MainView.swift in Sources */,
				90BCBFF82AA02E160067A284 /* ONUI_iOSApp.swift in Sources */,
				90ECF01F2AF1184100FD0147 /* AuthRepositoryImpl.swift in Sources */,
				90ECEFF52AF0E67E00FD0147 /* JwtStore.swift in Sources */,
				90ECF04D2AF1C98700FD0147 /* ImageRepositoryImpl.swift in Sources */,
				90BCB9AE2AD79D840076459C /* MainViewModel.swift in Sources */,
				90ECF0382AF11CBA00FD0147 /* RemoteUserDataSource.swift in Sources */,
			);
			runOnlyForDeploymentPostprocessing = 0;
		};
/* End PBXSourcesBuildPhase section */

/* Begin XCBuildConfiguration section */
		90BCC0002AA02E170067A284 /* Debug */ = {
			isa = XCBuildConfiguration;
			buildSettings = {
				ALWAYS_SEARCH_USER_PATHS = NO;
				CLANG_ANALYZER_NONNULL = YES;
				CLANG_ANALYZER_NUMBER_OBJECT_CONVERSION = YES_AGGRESSIVE;
				CLANG_CXX_LANGUAGE_STANDARD = "gnu++20";
				CLANG_ENABLE_MODULES = YES;
				CLANG_ENABLE_OBJC_ARC = YES;
				CLANG_ENABLE_OBJC_WEAK = YES;
				CLANG_WARN_BLOCK_CAPTURE_AUTORELEASING = YES;
				CLANG_WARN_BOOL_CONVERSION = YES;
				CLANG_WARN_COMMA = YES;
				CLANG_WARN_CONSTANT_CONVERSION = YES;
				CLANG_WARN_DEPRECATED_OBJC_IMPLEMENTATIONS = YES;
				CLANG_WARN_DIRECT_OBJC_ISA_USAGE = YES_ERROR;
				CLANG_WARN_DOCUMENTATION_COMMENTS = YES;
				CLANG_WARN_EMPTY_BODY = YES;
				CLANG_WARN_ENUM_CONVERSION = YES;
				CLANG_WARN_INFINITE_RECURSION = YES;
				CLANG_WARN_INT_CONVERSION = YES;
				CLANG_WARN_NON_LITERAL_NULL_CONVERSION = YES;
				CLANG_WARN_OBJC_IMPLICIT_RETAIN_SELF = YES;
				CLANG_WARN_OBJC_LITERAL_CONVERSION = YES;
				CLANG_WARN_OBJC_ROOT_CLASS = YES_ERROR;
				CLANG_WARN_QUOTED_INCLUDE_IN_FRAMEWORK_HEADER = YES;
				CLANG_WARN_RANGE_LOOP_ANALYSIS = YES;
				CLANG_WARN_STRICT_PROTOTYPES = YES;
				CLANG_WARN_SUSPICIOUS_MOVE = YES;
				CLANG_WARN_UNGUARDED_AVAILABILITY = YES_AGGRESSIVE;
				CLANG_WARN_UNREACHABLE_CODE = YES;
				CLANG_WARN__DUPLICATE_METHOD_MATCH = YES;
				COPY_PHASE_STRIP = NO;
				DEBUG_INFORMATION_FORMAT = dwarf;
				ENABLE_STRICT_OBJC_MSGSEND = YES;
				ENABLE_TESTABILITY = YES;
				ENABLE_USER_SCRIPT_SANDBOXING = YES;
				GCC_C_LANGUAGE_STANDARD = gnu11;
				GCC_DYNAMIC_NO_PIC = NO;
				GCC_NO_COMMON_BLOCKS = YES;
				GCC_OPTIMIZATION_LEVEL = 0;
				GCC_PREPROCESSOR_DEFINITIONS = (
					"DEBUG=1",
					"$(inherited)",
				);
				GCC_WARN_64_TO_32_BIT_CONVERSION = YES;
				GCC_WARN_ABOUT_RETURN_TYPE = YES_ERROR;
				GCC_WARN_UNDECLARED_SELECTOR = YES;
				GCC_WARN_UNINITIALIZED_AUTOS = YES_AGGRESSIVE;
				GCC_WARN_UNUSED_FUNCTION = YES;
				GCC_WARN_UNUSED_VARIABLE = YES;
				IPHONEOS_DEPLOYMENT_TARGET = 16.4;
				MTL_ENABLE_DEBUG_INFO = INCLUDE_SOURCE;
				MTL_FAST_MATH = YES;
				ONLY_ACTIVE_ARCH = YES;
				SDKROOT = iphoneos;
				SWIFT_ACTIVE_COMPILATION_CONDITIONS = DEBUG;
				SWIFT_OPTIMIZATION_LEVEL = "-Onone";
			};
			name = Debug;
		};
		90BCC0012AA02E170067A284 /* Release */ = {
			isa = XCBuildConfiguration;
			buildSettings = {
				ALWAYS_SEARCH_USER_PATHS = NO;
				CLANG_ANALYZER_NONNULL = YES;
				CLANG_ANALYZER_NUMBER_OBJECT_CONVERSION = YES_AGGRESSIVE;
				CLANG_CXX_LANGUAGE_STANDARD = "gnu++20";
				CLANG_ENABLE_MODULES = YES;
				CLANG_ENABLE_OBJC_ARC = YES;
				CLANG_ENABLE_OBJC_WEAK = YES;
				CLANG_WARN_BLOCK_CAPTURE_AUTORELEASING = YES;
				CLANG_WARN_BOOL_CONVERSION = YES;
				CLANG_WARN_COMMA = YES;
				CLANG_WARN_CONSTANT_CONVERSION = YES;
				CLANG_WARN_DEPRECATED_OBJC_IMPLEMENTATIONS = YES;
				CLANG_WARN_DIRECT_OBJC_ISA_USAGE = YES_ERROR;
				CLANG_WARN_DOCUMENTATION_COMMENTS = YES;
				CLANG_WARN_EMPTY_BODY = YES;
				CLANG_WARN_ENUM_CONVERSION = YES;
				CLANG_WARN_INFINITE_RECURSION = YES;
				CLANG_WARN_INT_CONVERSION = YES;
				CLANG_WARN_NON_LITERAL_NULL_CONVERSION = YES;
				CLANG_WARN_OBJC_IMPLICIT_RETAIN_SELF = YES;
				CLANG_WARN_OBJC_LITERAL_CONVERSION = YES;
				CLANG_WARN_OBJC_ROOT_CLASS = YES_ERROR;
				CLANG_WARN_QUOTED_INCLUDE_IN_FRAMEWORK_HEADER = YES;
				CLANG_WARN_RANGE_LOOP_ANALYSIS = YES;
				CLANG_WARN_STRICT_PROTOTYPES = YES;
				CLANG_WARN_SUSPICIOUS_MOVE = YES;
				CLANG_WARN_UNGUARDED_AVAILABILITY = YES_AGGRESSIVE;
				CLANG_WARN_UNREACHABLE_CODE = YES;
				CLANG_WARN__DUPLICATE_METHOD_MATCH = YES;
				COPY_PHASE_STRIP = NO;
				DEBUG_INFORMATION_FORMAT = "dwarf-with-dsym";
				ENABLE_NS_ASSERTIONS = NO;
				ENABLE_STRICT_OBJC_MSGSEND = YES;
				ENABLE_USER_SCRIPT_SANDBOXING = YES;
				GCC_C_LANGUAGE_STANDARD = gnu11;
				GCC_NO_COMMON_BLOCKS = YES;
				GCC_WARN_64_TO_32_BIT_CONVERSION = YES;
				GCC_WARN_ABOUT_RETURN_TYPE = YES_ERROR;
				GCC_WARN_UNDECLARED_SELECTOR = YES;
				GCC_WARN_UNINITIALIZED_AUTOS = YES_AGGRESSIVE;
				GCC_WARN_UNUSED_FUNCTION = YES;
				GCC_WARN_UNUSED_VARIABLE = YES;
				IPHONEOS_DEPLOYMENT_TARGET = 16.4;
				MTL_ENABLE_DEBUG_INFO = NO;
				MTL_FAST_MATH = YES;
				SDKROOT = iphoneos;
				SWIFT_COMPILATION_MODE = wholemodule;
				SWIFT_OPTIMIZATION_LEVEL = "-O";
				VALIDATE_PRODUCT = YES;
			};
			name = Release;
		};
		90BCC0032AA02E170067A284 /* Debug */ = {
			isa = XCBuildConfiguration;
			buildSettings = {
				ASSETCATALOG_COMPILER_APPICON_NAME = AppIcon;
				ASSETCATALOG_COMPILER_GLOBAL_ACCENT_COLOR_NAME = AccentColor;
				CODE_SIGN_ENTITLEMENTS = "ONUI-iOS/ONUI-iOS.entitlements";
				CODE_SIGN_STYLE = Automatic;
				CURRENT_PROJECT_VERSION = 1;
				ENABLE_PREVIEWS = YES;
				GENERATE_INFOPLIST_FILE = YES;
				INFOPLIST_FILE = "ONUI-iOS/Info.plist";
				INFOPLIST_KEY_UIApplicationSceneManifest_Generation = YES;
				INFOPLIST_KEY_UIApplicationSupportsIndirectInputEvents = YES;
				INFOPLIST_KEY_UILaunchScreen_Generation = YES;
				INFOPLIST_KEY_UISupportedInterfaceOrientations_iPad = "UIInterfaceOrientationPortrait UIInterfaceOrientationPortraitUpsideDown UIInterfaceOrientationLandscapeLeft UIInterfaceOrientationLandscapeRight";
				INFOPLIST_KEY_UISupportedInterfaceOrientations_iPhone = "UIInterfaceOrientationPortrait UIInterfaceOrientationLandscapeLeft UIInterfaceOrientationLandscapeRight";
				LD_RUNPATH_SEARCH_PATHS = (
					"$(inherited)",
					"@executable_path/Frameworks",
				);
				MARKETING_VERSION = 1.0;
				PRODUCT_BUNDLE_IDENTIFIER = "com.ONUI-iOS";
				PRODUCT_NAME = "$(TARGET_NAME)";
				SWIFT_EMIT_LOC_STRINGS = YES;
				SWIFT_VERSION = 5.0;
				TARGETED_DEVICE_FAMILY = "1,2";
			};
			name = Debug;
		};
		90BCC0042AA02E170067A284 /* Release */ = {
			isa = XCBuildConfiguration;
			buildSettings = {
				ASSETCATALOG_COMPILER_APPICON_NAME = AppIcon;
				ASSETCATALOG_COMPILER_GLOBAL_ACCENT_COLOR_NAME = AccentColor;
				CODE_SIGN_ENTITLEMENTS = "ONUI-iOS/ONUI-iOS.entitlements";
				CODE_SIGN_STYLE = Automatic;
				CURRENT_PROJECT_VERSION = 1;
				ENABLE_PREVIEWS = YES;
				GENERATE_INFOPLIST_FILE = YES;
				INFOPLIST_FILE = "ONUI-iOS/Info.plist";
				INFOPLIST_KEY_UIApplicationSceneManifest_Generation = YES;
				INFOPLIST_KEY_UIApplicationSupportsIndirectInputEvents = YES;
				INFOPLIST_KEY_UILaunchScreen_Generation = YES;
				INFOPLIST_KEY_UISupportedInterfaceOrientations_iPad = "UIInterfaceOrientationPortrait UIInterfaceOrientationPortraitUpsideDown UIInterfaceOrientationLandscapeLeft UIInterfaceOrientationLandscapeRight";
				INFOPLIST_KEY_UISupportedInterfaceOrientations_iPhone = "UIInterfaceOrientationPortrait UIInterfaceOrientationLandscapeLeft UIInterfaceOrientationLandscapeRight";
				LD_RUNPATH_SEARCH_PATHS = (
					"$(inherited)",
					"@executable_path/Frameworks",
				);
				MARKETING_VERSION = 1.0;
				PRODUCT_BUNDLE_IDENTIFIER = "com.ONUI-iOS";
				PRODUCT_NAME = "$(TARGET_NAME)";
				SWIFT_EMIT_LOC_STRINGS = YES;
				SWIFT_VERSION = 5.0;
				TARGETED_DEVICE_FAMILY = "1,2";
			};
			name = Release;
		};
/* End XCBuildConfiguration section */

/* Begin XCConfigurationList section */
		90BCBFEF2AA02E160067A284 /* Build configuration list for PBXProject "ONUI-iOS" */ = {
			isa = XCConfigurationList;
			buildConfigurations = (
				90BCC0002AA02E170067A284 /* Debug */,
				90BCC0012AA02E170067A284 /* Release */,
			);
			defaultConfigurationIsVisible = 0;
			defaultConfigurationName = Release;
		};
		90BCC0022AA02E170067A284 /* Build configuration list for PBXNativeTarget "ONUI-iOS" */ = {
			isa = XCConfigurationList;
			buildConfigurations = (
				90BCC0032AA02E170067A284 /* Debug */,
				90BCC0042AA02E170067A284 /* Release */,
			);
			defaultConfigurationIsVisible = 0;
			defaultConfigurationName = Release;
		};
/* End XCConfigurationList section */

/* Begin XCRemoteSwiftPackageReference section */
		907549A92AED21FB009F5BBF /* XCRemoteSwiftPackageReference "swiftui-flow-layout" */ = {
			isa = XCRemoteSwiftPackageReference;
			repositoryURL = "https://github.com/globulus/swiftui-flow-layout";
			requirement = {
				kind = upToNextMajorVersion;
				minimumVersion = 1.0.5;
			};
		};
		90E975D92AD3D3F2008F8448 /* XCRemoteSwiftPackageReference "Moya" */ = {
			isa = XCRemoteSwiftPackageReference;
			repositoryURL = "https://github.com/Moya/Moya";
			requirement = {
				kind = upToNextMajorVersion;
				minimumVersion = 15.0.3;
			};
		};
/* End XCRemoteSwiftPackageReference section */

/* Begin XCSwiftPackageProductDependency section */
		907549AA2AED21FB009F5BBF /* SwiftUIFlowLayout */ = {
			isa = XCSwiftPackageProductDependency;
			package = 907549A92AED21FB009F5BBF /* XCRemoteSwiftPackageReference "swiftui-flow-layout" */;
			productName = SwiftUIFlowLayout;
		};
		90E975DA2AD3D3F2008F8448 /* CombineMoya */ = {
			isa = XCSwiftPackageProductDependency;
			package = 90E975D92AD3D3F2008F8448 /* XCRemoteSwiftPackageReference "Moya" */;
			productName = CombineMoya;
		};
		90E975DC2AD3D3F2008F8448 /* Moya */ = {
			isa = XCSwiftPackageProductDependency;
			package = 90E975D92AD3D3F2008F8448 /* XCRemoteSwiftPackageReference "Moya" */;
			productName = Moya;
		};
/* End XCSwiftPackageProductDependency section */
	};
	rootObject = 90BCBFEC2AA02E160067A284 /* Project object */;
}
